
Microsoft Visual Studio Solution File, Format Version 12.00
# Visual Studio 14
VisualStudioVersion = 14.0.24720.0
MinimumVisualStudioVersion = 10.0.40219.1
Project("{FAE04EC0-301F-11D3-BF4B-00C04F79EFBC}") = "[EPAM]UserList.PL.Console", "[EPAM]NoteSaver.PL.Console\[EPAM]UserList.PL.Console.csproj", "{71BD1A05-A948-44A8-B727-F40A618AAA8F}"
EndProject
Project("{2150E333-8FDC-42A3-9474-1A3956D46DE8}") = "PL", "PL", "{D9A4E959-C87F-432E-B3B4-82A81C01BAF8}"
EndProject
Project("{2150E333-8FDC-42A3-9474-1A3956D46DE8}") = "BLL", "BLL", "{F9E583B9-C2C6-419B-9706-C70415B712F0}"
EndProject
Project("{2150E333-8FDC-42A3-9474-1A3956D46DE8}") = "DAL", "DAL", "{CDC34D6B-6D17-48ED-B9E6-59574935D070}"
EndProject
Project("{2150E333-8FDC-42A3-9474-1A3956D46DE8}") = "Entites", "Entites", "{B719C200-31DE-48DE-BCDA-CC76B84B8349}"
EndProject
Project("{2150E333-8FDC-42A3-9474-1A3956D46DE8}") = "Interfaceses", "Interfaceses", "{F00D3155-E674-4162-8474-0F4CF74C4991}"
EndProject
Project("{FAE04EC0-301F-11D3-BF4B-00C04F79EFBC}") = "[EPAM]UserList.BLL.UserListLogic", "[EPAM]NoteSaver.BLL.NoteLogic\[EPAM]UserList.BLL.UserListLogic.csproj", "{01736AAD-FEC8-4243-B36A-04095672FCFF}"
EndProject
Project("{FAE04EC0-301F-11D3-BF4B-00C04F79EFBC}") = "[EPAM]UserList.DAL.Collection", "[EPAM]NoteSaver.DAL.Collection\[EPAM]UserList.DAL.Collection.csproj", "{6667A219-0DAF-4DC8-AEBE-F3FAA68E8B18}"
EndProject
Project("{FAE04EC0-301F-11D3-BF4B-00C04F79EFBC}") = "[EPAM]UserList.Entites", "[EPAM]NoteSaver.Entites\[EPAM]UserList.Entites.csproj", "{14FEB26E-10BB-476B-9CA7-FA310766E70F}"
EndProject
Project("{FAE04EC0-301F-11D3-BF4B-00C04F79EFBC}") = "[EPAM]UserList.Interfases.BLL", "[EPAM]NoteSaver.Interfases\[EPAM]UserList.Interfases.BLL.csproj", "{6BFD04D2-9C34-44E0-B4D9-BFEB259F0868}"
EndProject
Project("{FAE04EC0-301F-11D3-BF4B-00C04F79EFBC}") = "[EPAM]UserList.Interfases.DAL", "[EPAM]NoteSaver.Interfases.DAL\[EPAM]UserList.Interfases.DAL.csproj", "{C761E15B-902C-4B8E-ACF8-4229CD734C32}"
EndProject
Project("{FAE04EC0-301F-11D3-BF4B-00C04F79EFBC}") = "[EPAM]UserList.DAL.JSONFiles", "[EPAM]UserList.DAL.JSONFlies\[EPAM]UserList.DAL.JSONFiles.csproj", "{C76DC211-8614-4798-993A-122925F24491}"
EndProject
Project("{FAE04EC0-301F-11D3-BF4B-00C04F79EFBC}") = "[EPAM]UserList.Logs", "Logs\[EPAM]UserList.Logs.csproj", "{02D343EE-A8BF-4819-9374-3479A72C4FF2}"
EndProject
Project("{FAE04EC0-301F-11D3-BF4B-00C04F79EFBC}") = "[EPAM]UserList.PL.WebUI", "[EPAM]UserList.PL.WebUI\[EPAM]UserList.PL.WebUI.csproj", "{DF0DCB84-B048-4349-A3AD-1C43308242B2}"
EndProject
Project("{FAE04EC0-301F-11D3-BF4B-00C04F79EFBC}") = "[EPAM]UserList.DAL.DB", "[EPAM]UserList.DAL.DB\[EPAM]UserList.DAL.DB.csproj", "{9A70470F-BECF-439B-83E8-639BA3278C14}"
EndProject
Global
	GlobalSection(SolutionConfigurationPlatforms) = preSolution
		Debug|Any CPU = Debug|Any CPU
		Release|Any CPU = Release|Any CPU
	EndGlobalSection
	GlobalSection(ProjectConfigurationPlatforms) = postSolution
		{71BD1A05-A948-44A8-B727-F40A618AAA8F}.Debug|Any CPU.ActiveCfg = Debug|Any CPU
		{71BD1A05-A948-44A8-B727-F40A618AAA8F}.Debug|Any CPU.Build.0 = Debug|Any CPU
		{71BD1A05-A948-44A8-B727-F40A618AAA8F}.Release|Any CPU.ActiveCfg = Release|Any CPU
		{71BD1A05-A948-44A8-B727-F40A618AAA8F}.Release|Any CPU.Build.0 = Release|Any CPU
		{01736AAD-FEC8-4243-B36A-04095672FCFF}.Debug|Any CPU.ActiveCfg = Debug|Any CPU
		{01736AAD-FEC8-4243-B36A-04095672FCFF}.Debug|Any CPU.Build.0 = Debug|Any CPU
		{01736AAD-FEC8-4243-B36A-04095672FCFF}.Release|Any CPU.ActiveCfg = Release|Any CPU
		{01736AAD-FEC8-4243-B36A-04095672FCFF}.Release|Any CPU.Build.0 = Release|Any CPU
		{6667A219-0DAF-4DC8-AEBE-F3FAA68E8B18}.Debug|Any CPU.ActiveCfg = Debug|Any CPU
		{6667A219-0DAF-4DC8-AEBE-F3FAA68E8B18}.Debug|Any CPU.Build.0 = Debug|Any CPU
		{6667A219-0DAF-4DC8-AEBE-F3FAA68E8B18}.Release|Any CPU.ActiveCfg = Release|Any CPU
		{6667A219-0DAF-4DC8-AEBE-F3FAA68E8B18}.Release|Any CPU.Build.0 = Release|Any CPU
		{14FEB26E-10BB-476B-9CA7-FA310766E70F}.Debug|Any CPU.ActiveCfg = Debug|Any CPU
		{14FEB26E-10BB-476B-9CA7-FA310766E70F}.Debug|Any CPU.Build.0 = Debug|Any CPU
		{14FEB26E-10BB-476B-9CA7-FA310766E70F}.Release|Any CPU.ActiveCfg = Release|Any CPU
		{14FEB26E-10BB-476B-9CA7-FA310766E70F}.Release|Any CPU.Build.0 = Release|Any CPU
		{6BFD04D2-9C34-44E0-B4D9-BFEB259F0868}.Debug|Any CPU.ActiveCfg = Debug|Any CPU
		{6BFD04D2-9C34-44E0-B4D9-BFEB259F0868}.Debug|Any CPU.Build.0 = Debug|Any CPU
		{6BFD04D2-9C34-44E0-B4D9-BFEB259F0868}.Release|Any CPU.ActiveCfg = Release|Any CPU
		{6BFD04D2-9C34-44E0-B4D9-BFEB259F0868}.Release|Any CPU.Build.0 = Release|Any CPU
		{C761E15B-902C-4B8E-ACF8-4229CD734C32}.Debug|Any CPU.ActiveCfg = Debug|Any CPU
		{C761E15B-902C-4B8E-ACF8-4229CD734C32}.Debug|Any CPU.Build.0 = Debug|Any CPU
		{C761E15B-902C-4B8E-ACF8-4229CD734C32}.Release|Any CPU.ActiveCfg = Release|Any CPU
		{C761E15B-902C-4B8E-ACF8-4229CD734C32}.Release|Any CPU.Build.0 = Release|Any CPU
		{C76DC211-8614-4798-993A-122925F24491}.Debug|Any CPU.ActiveCfg = Debug|Any CPU
		{C76DC211-8614-4798-993A-122925F24491}.Debug|Any CPU.Build.0 = Debug|Any CPU
		{C76DC211-8614-4798-993A-122925F24491}.Release|Any CPU.ActiveCfg = Release|Any CPU
		{C76DC211-8614-4798-993A-122925F24491}.Release|Any CPU.Build.0 = Release|Any CPU
		{02D343EE-A8BF-4819-9374-3479A72C4FF2}.Debug|Any CPU.ActiveCfg = Debug|Any CPU
		{02D343EE-A8BF-4819-9374-3479A72C4FF2}.Debug|Any CPU.Build.0 = Debug|Any CPU
		{02D343EE-A8BF-4819-9374-3479A72C4FF2}.Release|Any CPU.ActiveCfg = Release|Any CPU
		{02D343EE-A8BF-4819-9374-3479A72C4FF2}.Release|Any CPU.Build.0 = Release|Any CPU
		{DF0DCB84-B048-4349-A3AD-1C43308242B2}.Debug|Any CPU.ActiveCfg = Debug|Any CPU
		{DF0DCB84-B048-4349-A3AD-1C43308242B2}.Debug|Any CPU.Build.0 = Debug|Any CPU
		{DF0DCB84-B048-4349-A3AD-1C43308242B2}.Release|Any CPU.ActiveCfg = Release|Any CPU
		{DF0DCB84-B048-4349-A3AD-1C43308242B2}.Release|Any CPU.Build.0 = Release|Any CPU
		{9A70470F-BECF-439B-83E8-639BA3278C14}.Debug|Any CPU.ActiveCfg = Debug|Any CPU
		{9A70470F-BECF-439B-83E8-639BA3278C14}.Debug|Any CPU.Build.0 = Debug|Any CPU
		{9A70470F-BECF-439B-83E8-639BA3278C14}.Release|Any CPU.ActiveCfg = Release|Any CPU
		{9A70470F-BECF-439B-83E8-639BA3278C14}.Release|Any CPU.Build.0 = Release|Any CPU
	EndGlobalSection
	GlobalSection(SolutionProperties) = preSolution
		HideSolutionNode = FALSE
	EndGlobalSection
	GlobalSection(NestedProjects) = preSolution
		{71BD1A05-A948-44A8-B727-F40A618AAA8F} = {D9A4E959-C87F-432E-B3B4-82A81C01BAF8}
		{01736AAD-FEC8-4243-B36A-04095672FCFF} = {F9E583B9-C2C6-419B-9706-C70415B712F0}
		{6667A219-0DAF-4DC8-AEBE-F3FAA68E8B18} = {CDC34D6B-6D17-48ED-B9E6-59574935D070}
		{14FEB26E-10BB-476B-9CA7-FA310766E70F} = {B719C200-31DE-48DE-BCDA-CC76B84B8349}
		{6BFD04D2-9C34-44E0-B4D9-BFEB259F0868} = {F00D3155-E674-4162-8474-0F4CF74C4991}
		{C761E15B-902C-4B8E-ACF8-4229CD734C32} = {F00D3155-E674-4162-8474-0F4CF74C4991}
		{C76DC211-8614-4798-993A-122925F24491} = {CDC34D6B-6D17-48ED-B9E6-59574935D070}
		{DF0DCB84-B048-4349-A3AD-1C43308242B2} = {D9A4E959-C87F-432E-B3B4-82A81C01BAF8}
		{9A70470F-BECF-439B-83E8-639BA3278C14} = {CDC34D6B-6D17-48ED-B9E6-59574935D070}
	EndGlobalSection
EndGlobal
